// !$*UTF8*$!
{
	archiveVersion = 1;
	classes = {
	};
	objectVersion = 56;
	objects = {

/* Begin PBXBuildFile section */
		5C3C54EB295037DE000D1B37 /* SegmentControlView.swift in Sources */ = {isa = PBXBuildFile; fileRef = 5C3C54EA295037DE000D1B37 /* SegmentControlView.swift */; };
		5C3C54ED295037F8000D1B37 /* SegmentControlView.xib in Resources */ = {isa = PBXBuildFile; fileRef = 5C3C54EC295037F8000D1B37 /* SegmentControlView.xib */; };
		5C3C54EF29505F8E000D1B37 /* UIViewConstraintLayout.swift in Sources */ = {isa = PBXBuildFile; fileRef = 5C3C54EE29505F8E000D1B37 /* UIViewConstraintLayout.swift */; };
		5C3C54F1295073DB000D1B37 /* FoodStepsModel.swift in Sources */ = {isa = PBXBuildFile; fileRef = 5C3C54F0295073DB000D1B37 /* FoodStepsModel.swift */; };
		5C3C54FE2950A736000D1B37 /* SegmentControlCell.swift in Sources */ = {isa = PBXBuildFile; fileRef = 5C3C54FC2950A736000D1B37 /* SegmentControlCell.swift */; };
		5C3C54FF2950A736000D1B37 /* SegmentControlCell.xib in Resources */ = {isa = PBXBuildFile; fileRef = 5C3C54FD2950A736000D1B37 /* SegmentControlCell.xib */; };
		5C517299294AF3790025DC37 /* DetailCollectionViewSections.swift in Sources */ = {isa = PBXBuildFile; fileRef = 5C517298294AF3790025DC37 /* DetailCollectionViewSections.swift */; };
		5C51729C294B4CD90025DC37 /* DetailViewController.swift in Sources */ = {isa = PBXBuildFile; fileRef = 5C51729A294B4CD90025DC37 /* DetailViewController.swift */; };
		5C51729D294B4CD90025DC37 /* DetailViewController.xib in Resources */ = {isa = PBXBuildFile; fileRef = 5C51729B294B4CD90025DC37 /* DetailViewController.xib */; };
		5C5C87382947721B00CB9B64 /* FoodDetailModel.swift in Sources */ = {isa = PBXBuildFile; fileRef = 5C5C87372947721B00CB9B64 /* FoodDetailModel.swift */; };
		5C8426822949A6FB00CD33CB /* RecipeViewModel.swift in Sources */ = {isa = PBXBuildFile; fileRef = 5C8426812949A6FB00CD33CB /* RecipeViewModel.swift */; };
		5C8426882949C3FC00CD33CB /* FoodSearchModel.swift in Sources */ = {isa = PBXBuildFile; fileRef = 5C8426872949C3FC00CD33CB /* FoodSearchModel.swift */; };
		5C84268E2949CA2B00CD33CB /* CategoryCollectionView.swift in Sources */ = {isa = PBXBuildFile; fileRef = 5C84268D2949CA2B00CD33CB /* CategoryCollectionView.swift */; };
		5C8426902949CA5300CD33CB /* DetailCollectionView.swift in Sources */ = {isa = PBXBuildFile; fileRef = 5C84268F2949CA5300CD33CB /* DetailCollectionView.swift */; };
		5C8426932949CA7500CD33CB /* CategoryViewCell.swift in Sources */ = {isa = PBXBuildFile; fileRef = 5C8426912949CA7500CD33CB /* CategoryViewCell.swift */; };
		5C8426942949CA7500CD33CB /* CategoryViewCell.xib in Resources */ = {isa = PBXBuildFile; fileRef = 5C8426922949CA7500CD33CB /* CategoryViewCell.xib */; };
		5C8426972949CA8D00CD33CB /* DetailViewCell.swift in Sources */ = {isa = PBXBuildFile; fileRef = 5C8426952949CA8D00CD33CB /* DetailViewCell.swift */; };
		5C8426982949CA8D00CD33CB /* DetailViewCell.xib in Resources */ = {isa = PBXBuildFile; fileRef = 5C8426962949CA8D00CD33CB /* DetailViewCell.xib */; };
		5C8426A22949CD6F00CD33CB /* Layouts.swift in Sources */ = {isa = PBXBuildFile; fileRef = 5C8426A12949CD6F00CD33CB /* Layouts.swift */; };
		5C8426AD2949D2E900CD33CB /* HeaderCell.swift in Sources */ = {isa = PBXBuildFile; fileRef = 5C8426AB2949D2E900CD33CB /* HeaderCell.swift */; };
		5C8426AE2949D2E900CD33CB /* HeaderCell.xib in Resources */ = {isa = PBXBuildFile; fileRef = 5C8426AC2949D2E900CD33CB /* HeaderCell.xib */; };
		5CAEADFB2946FEEB003D5BA0 /* AppDelegate.swift in Sources */ = {isa = PBXBuildFile; fileRef = 5CAEADFA2946FEEB003D5BA0 /* AppDelegate.swift */; };
		5CAEADFD2946FEEB003D5BA0 /* SceneDelegate.swift in Sources */ = {isa = PBXBuildFile; fileRef = 5CAEADFC2946FEEB003D5BA0 /* SceneDelegate.swift */; };
		5CAEAE022946FEEB003D5BA0 /* Main.storyboard in Resources */ = {isa = PBXBuildFile; fileRef = 5CAEAE002946FEEB003D5BA0 /* Main.storyboard */; };
		5CAEAE052946FEEB003D5BA0 /* RecipeApp.xcdatamodeld in Sources */ = {isa = PBXBuildFile; fileRef = 5CAEAE032946FEEB003D5BA0 /* RecipeApp.xcdatamodeld */; };
		5CAEAE072946FEEC003D5BA0 /* Assets.xcassets in Resources */ = {isa = PBXBuildFile; fileRef = 5CAEAE062946FEEC003D5BA0 /* Assets.xcassets */; };
		5CAEAE0A2946FEEC003D5BA0 /* LaunchScreen.storyboard in Resources */ = {isa = PBXBuildFile; fileRef = 5CAEAE082946FEEC003D5BA0 /* LaunchScreen.storyboard */; };
		5CE75D4229470C1700F05EE3 /* HomeViewController.swift in Sources */ = {isa = PBXBuildFile; fileRef = 5CE75D4029470C1700F05EE3 /* HomeViewController.swift */; };
		5CE75D4329470C1700F05EE3 /* HomeViewController.xib in Resources */ = {isa = PBXBuildFile; fileRef = 5CE75D4129470C1700F05EE3 /* HomeViewController.xib */; };
		5CE75D4E294716AF00F05EE3 /* NibLoadable.swift in Sources */ = {isa = PBXBuildFile; fileRef = 5CE75D4D294716AF00F05EE3 /* NibLoadable.swift */; };
		5CE75D5B29471A9D00F05EE3 /* NetworkManager.swift in Sources */ = {isa = PBXBuildFile; fileRef = 5CE75D5A29471A9D00F05EE3 /* NetworkManager.swift */; };
		5CE75D5D29471E1900F05EE3 /* UIImageView.swift in Sources */ = {isa = PBXBuildFile; fileRef = 5CE75D5C29471E1900F05EE3 /* UIImageView.swift */; };
		5CE75D5F294727B600F05EE3 /* Food.swift in Sources */ = {isa = PBXBuildFile; fileRef = 5CE75D5E294727B600F05EE3 /* Food.swift */; };
/* End PBXBuildFile section */

/* Begin PBXFileReference section */
		5C3C54EA295037DE000D1B37 /* SegmentControlView.swift */ = {isa = PBXFileReference; lastKnownFileType = sourcecode.swift; path = SegmentControlView.swift; sourceTree = "<group>"; };
		5C3C54EC295037F8000D1B37 /* SegmentControlView.xib */ = {isa = PBXFileReference; lastKnownFileType = file.xib; path = SegmentControlView.xib; sourceTree = "<group>"; };
		5C3C54EE29505F8E000D1B37 /* UIViewConstraintLayout.swift */ = {isa = PBXFileReference; lastKnownFileType = sourcecode.swift; path = UIViewConstraintLayout.swift; sourceTree = "<group>"; };
		5C3C54F0295073DB000D1B37 /* FoodStepsModel.swift */ = {isa = PBXFileReference; lastKnownFileType = sourcecode.swift; path = FoodStepsModel.swift; sourceTree = "<group>"; };
		5C3C54FC2950A736000D1B37 /* SegmentControlCell.swift */ = {isa = PBXFileReference; lastKnownFileType = sourcecode.swift; path = SegmentControlCell.swift; sourceTree = "<group>"; };
		5C3C54FD2950A736000D1B37 /* SegmentControlCell.xib */ = {isa = PBXFileReference; lastKnownFileType = file.xib; path = SegmentControlCell.xib; sourceTree = "<group>"; };
		5C517298294AF3790025DC37 /* DetailCollectionViewSections.swift */ = {isa = PBXFileReference; lastKnownFileType = sourcecode.swift; path = DetailCollectionViewSections.swift; sourceTree = "<group>"; };
		5C51729A294B4CD90025DC37 /* DetailViewController.swift */ = {isa = PBXFileReference; lastKnownFileType = sourcecode.swift; path = DetailViewController.swift; sourceTree = "<group>"; };
		5C51729B294B4CD90025DC37 /* DetailViewController.xib */ = {isa = PBXFileReference; lastKnownFileType = file.xib; path = DetailViewController.xib; sourceTree = "<group>"; };
		5C5C87372947721B00CB9B64 /* FoodDetailModel.swift */ = {isa = PBXFileReference; lastKnownFileType = sourcecode.swift; path = FoodDetailModel.swift; sourceTree = "<group>"; };
		5C8426812949A6FB00CD33CB /* RecipeViewModel.swift */ = {isa = PBXFileReference; lastKnownFileType = sourcecode.swift; path = RecipeViewModel.swift; sourceTree = "<group>"; };
		5C8426872949C3FC00CD33CB /* FoodSearchModel.swift */ = {isa = PBXFileReference; lastKnownFileType = sourcecode.swift; path = FoodSearchModel.swift; sourceTree = "<group>"; };
		5C84268D2949CA2B00CD33CB /* CategoryCollectionView.swift */ = {isa = PBXFileReference; lastKnownFileType = sourcecode.swift; path = CategoryCollectionView.swift; sourceTree = "<group>"; };
		5C84268F2949CA5300CD33CB /* DetailCollectionView.swift */ = {isa = PBXFileReference; lastKnownFileType = sourcecode.swift; path = DetailCollectionView.swift; sourceTree = "<group>"; };
		5C8426912949CA7500CD33CB /* CategoryViewCell.swift */ = {isa = PBXFileReference; lastKnownFileType = sourcecode.swift; path = CategoryViewCell.swift; sourceTree = "<group>"; };
		5C8426922949CA7500CD33CB /* CategoryViewCell.xib */ = {isa = PBXFileReference; lastKnownFileType = file.xib; path = CategoryViewCell.xib; sourceTree = "<group>"; };
		5C8426952949CA8D00CD33CB /* DetailViewCell.swift */ = {isa = PBXFileReference; lastKnownFileType = sourcecode.swift; path = DetailViewCell.swift; sourceTree = "<group>"; };
		5C8426962949CA8D00CD33CB /* DetailViewCell.xib */ = {isa = PBXFileReference; lastKnownFileType = file.xib; path = DetailViewCell.xib; sourceTree = "<group>"; };
		5C8426A12949CD6F00CD33CB /* Layouts.swift */ = {isa = PBXFileReference; lastKnownFileType = sourcecode.swift; path = Layouts.swift; sourceTree = "<group>"; };
		5C8426AB2949D2E900CD33CB /* HeaderCell.swift */ = {isa = PBXFileReference; lastKnownFileType = sourcecode.swift; path = HeaderCell.swift; sourceTree = "<group>"; };
		5C8426AC2949D2E900CD33CB /* HeaderCell.xib */ = {isa = PBXFileReference; lastKnownFileType = file.xib; path = HeaderCell.xib; sourceTree = "<group>"; };
		5CAEADF72946FEEB003D5BA0 /* RecipeApp.app */ = {isa = PBXFileReference; explicitFileType = wrapper.application; includeInIndex = 0; path = RecipeApp.app; sourceTree = BUILT_PRODUCTS_DIR; };
		5CAEADFA2946FEEB003D5BA0 /* AppDelegate.swift */ = {isa = PBXFileReference; lastKnownFileType = sourcecode.swift; path = AppDelegate.swift; sourceTree = "<group>"; };
		5CAEADFC2946FEEB003D5BA0 /* SceneDelegate.swift */ = {isa = PBXFileReference; lastKnownFileType = sourcecode.swift; path = SceneDelegate.swift; sourceTree = "<group>"; };
		5CAEAE012946FEEB003D5BA0 /* Base */ = {isa = PBXFileReference; lastKnownFileType = file.storyboard; name = Base; path = Base.lproj/Main.storyboard; sourceTree = "<group>"; };
		5CAEAE042946FEEB003D5BA0 /* RecipeApp.xcdatamodel */ = {isa = PBXFileReference; lastKnownFileType = wrapper.xcdatamodel; path = RecipeApp.xcdatamodel; sourceTree = "<group>"; };
		5CAEAE062946FEEC003D5BA0 /* Assets.xcassets */ = {isa = PBXFileReference; lastKnownFileType = folder.assetcatalog; path = Assets.xcassets; sourceTree = "<group>"; };
		5CAEAE092946FEEC003D5BA0 /* Base */ = {isa = PBXFileReference; lastKnownFileType = file.storyboard; name = Base; path = Base.lproj/LaunchScreen.storyboard; sourceTree = "<group>"; };
		5CAEAE0B2946FEEC003D5BA0 /* Info.plist */ = {isa = PBXFileReference; lastKnownFileType = text.plist.xml; path = Info.plist; sourceTree = "<group>"; };
		5CE75D4029470C1700F05EE3 /* HomeViewController.swift */ = {isa = PBXFileReference; lastKnownFileType = sourcecode.swift; path = HomeViewController.swift; sourceTree = "<group>"; };
		5CE75D4129470C1700F05EE3 /* HomeViewController.xib */ = {isa = PBXFileReference; lastKnownFileType = file.xib; path = HomeViewController.xib; sourceTree = "<group>"; };
		5CE75D4D294716AF00F05EE3 /* NibLoadable.swift */ = {isa = PBXFileReference; lastKnownFileType = sourcecode.swift; path = NibLoadable.swift; sourceTree = "<group>"; };
		5CE75D5A29471A9D00F05EE3 /* NetworkManager.swift */ = {isa = PBXFileReference; lastKnownFileType = sourcecode.swift; path = NetworkManager.swift; sourceTree = "<group>"; };
		5CE75D5C29471E1900F05EE3 /* UIImageView.swift */ = {isa = PBXFileReference; lastKnownFileType = sourcecode.swift; path = UIImageView.swift; sourceTree = "<group>"; };
		5CE75D5E294727B600F05EE3 /* Food.swift */ = {isa = PBXFileReference; lastKnownFileType = sourcecode.swift; path = Food.swift; sourceTree = "<group>"; };
/* End PBXFileReference section */

/* Begin PBXFrameworksBuildPhase section */
		5CAEADF42946FEEB003D5BA0 /* Frameworks */ = {
			isa = PBXFrameworksBuildPhase;
			buildActionMask = 2147483647;
			files = (
			);
			runOnlyForDeploymentPostprocessing = 0;
		};
/* End PBXFrameworksBuildPhase section */

/* Begin PBXGroup section */
		5C3C54E929503752000D1B37 /* Nibs */ = {
			isa = PBXGroup;
			children = (
				5C3C54FA2950A709000D1B37 /* Views */,
				5C3C54FB2950A712000D1B37 /* Cells */,
			);
			path = Nibs;
			sourceTree = "<group>";
		};
		5C3C54FA2950A709000D1B37 /* Views */ = {
			isa = PBXGroup;
			children = (
				5C3C54EA295037DE000D1B37 /* SegmentControlView.swift */,
				5C3C54EC295037F8000D1B37 /* SegmentControlView.xib */,
			);
			path = Views;
			sourceTree = "<group>";
		};
		5C3C54FB2950A712000D1B37 /* Cells */ = {
			isa = PBXGroup;
			children = (
				5C3C54FC2950A736000D1B37 /* SegmentControlCell.swift */,
				5C3C54FD2950A736000D1B37 /* SegmentControlCell.xib */,
			);
			path = Cells;
			sourceTree = "<group>";
		};
		5C5C87362947720000CB9B64 /* ServiceModel */ = {
			isa = PBXGroup;
			children = (
				5CE75D5E294727B600F05EE3 /* Food.swift */,
				5C5C87372947721B00CB9B64 /* FoodDetailModel.swift */,
				5C8426872949C3FC00CD33CB /* FoodSearchModel.swift */,
				5C3C54F0295073DB000D1B37 /* FoodStepsModel.swift */,
			);
			path = ServiceModel;
			sourceTree = "<group>";
		};
		5C8426802949A6D500CD33CB /* ViewModel */ = {
			isa = PBXGroup;
			children = (
				5C8426812949A6FB00CD33CB /* RecipeViewModel.swift */,
			);
			path = ViewModel;
			sourceTree = "<group>";
		};
		5C8426832949BFA600CD33CB /* CollectionViews */ = {
			isa = PBXGroup;
			children = (
				5C8426842949BFB400CD33CB /* CategoryCollectionView */,
				5C8426852949BFC800CD33CB /* DetailCollectionView */,
				5C8426AF2949D2F900CD33CB /* HeaderCell */,
				5C8426A12949CD6F00CD33CB /* Layouts.swift */,
			);
			path = CollectionViews;
			sourceTree = "<group>";
		};
		5C8426842949BFB400CD33CB /* CategoryCollectionView */ = {
			isa = PBXGroup;
			children = (
				5C84268D2949CA2B00CD33CB /* CategoryCollectionView.swift */,
				5C8426912949CA7500CD33CB /* CategoryViewCell.swift */,
				5C8426922949CA7500CD33CB /* CategoryViewCell.xib */,
			);
			path = CategoryCollectionView;
			sourceTree = "<group>";
		};
		5C8426852949BFC800CD33CB /* DetailCollectionView */ = {
			isa = PBXGroup;
			children = (
				5C84268F2949CA5300CD33CB /* DetailCollectionView.swift */,
				5C8426952949CA8D00CD33CB /* DetailViewCell.swift */,
				5C8426962949CA8D00CD33CB /* DetailViewCell.xib */,
				5C517298294AF3790025DC37 /* DetailCollectionViewSections.swift */,
			);
			path = DetailCollectionView;
			sourceTree = "<group>";
		};
		5C8426862949BFE500CD33CB /* ViewControllers */ = {
			isa = PBXGroup;
			children = (
				5CE75D4029470C1700F05EE3 /* HomeViewController.swift */,
				5CE75D4129470C1700F05EE3 /* HomeViewController.xib */,
				5C51729A294B4CD90025DC37 /* DetailViewController.swift */,
				5C51729B294B4CD90025DC37 /* DetailViewController.xib */,
			);
			path = ViewControllers;
			sourceTree = "<group>";
		};
		5C8426AF2949D2F900CD33CB /* HeaderCell */ = {
			isa = PBXGroup;
			children = (
				5C8426AB2949D2E900CD33CB /* HeaderCell.swift */,
				5C8426AC2949D2E900CD33CB /* HeaderCell.xib */,
			);
			path = HeaderCell;
			sourceTree = "<group>";
		};
		5CAEADEE2946FEEB003D5BA0 = {
			isa = PBXGroup;
			children = (
				5CAEADF92946FEEB003D5BA0 /* RecipeApp */,
				5CAEADF82946FEEB003D5BA0 /* Products */,
			);
			sourceTree = "<group>";
		};
		5CAEADF82946FEEB003D5BA0 /* Products */ = {
			isa = PBXGroup;
			children = (
				5CAEADF72946FEEB003D5BA0 /* RecipeApp.app */,
			);
			name = Products;
			sourceTree = "<group>";
		};
		5CAEADF92946FEEB003D5BA0 /* RecipeApp */ = {
			isa = PBXGroup;
			children = (
				5CAEADFA2946FEEB003D5BA0 /* AppDelegate.swift */,
				5CAEADFC2946FEEB003D5BA0 /* SceneDelegate.swift */,
				5CAEAE112947043E003D5BA0 /* Networking */,
				5CE75D59294719BF00F05EE3 /* Model */,
				5CE75D4429470C2000F05EE3 /* Views */,
				5C8426802949A6D500CD33CB /* ViewModel */,
				5CE75D58294716F100F05EE3 /* Resources */,
				5CE75D4F294716BE00F05EE3 /* Extensions */,
				5CAEAE002946FEEB003D5BA0 /* Main.storyboard */,
				5CAEAE0B2946FEEC003D5BA0 /* Info.plist */,
			);
			path = RecipeApp;
			sourceTree = "<group>";
		};
		5CAEAE112947043E003D5BA0 /* Networking */ = {
			isa = PBXGroup;
			children = (
				5CE75D5A29471A9D00F05EE3 /* NetworkManager.swift */,
			);
			path = Networking;
			sourceTree = "<group>";
		};
		5CE75D4429470C2000F05EE3 /* Views */ = {
			isa = PBXGroup;
			children = (
				5C8426862949BFE500CD33CB /* ViewControllers */,
				5C8426832949BFA600CD33CB /* CollectionViews */,
				5C3C54E929503752000D1B37 /* Nibs */,
				5CAEAE082946FEEC003D5BA0 /* LaunchScreen.storyboard */,
			);
			path = Views;
			sourceTree = "<group>";
		};
		5CE75D4F294716BE00F05EE3 /* Extensions */ = {
			isa = PBXGroup;
			children = (
				5CE75D4D294716AF00F05EE3 /* NibLoadable.swift */,
				5CE75D5C29471E1900F05EE3 /* UIImageView.swift */,
				5C3C54EE29505F8E000D1B37 /* UIViewConstraintLayout.swift */,
			);
			path = Extensions;
			sourceTree = "<group>";
		};
		5CE75D58294716F100F05EE3 /* Resources */ = {
			isa = PBXGroup;
			children = (
				5CAEAE062946FEEC003D5BA0 /* Assets.xcassets */,
			);
			path = Resources;
			sourceTree = "<group>";
		};
		5CE75D59294719BF00F05EE3 /* Model */ = {
			isa = PBXGroup;
			children = (
				5CAEAE032946FEEB003D5BA0 /* RecipeApp.xcdatamodeld */,
				5C5C87362947720000CB9B64 /* ServiceModel */,
			);
			path = Model;
			sourceTree = "<group>";
		};
/* End PBXGroup section */

/* Begin PBXNativeTarget section */
		5CAEADF62946FEEB003D5BA0 /* RecipeApp */ = {
			isa = PBXNativeTarget;
			buildConfigurationList = 5CAEAE0E2946FEEC003D5BA0 /* Build configuration list for PBXNativeTarget "RecipeApp" */;
			buildPhases = (
				5CAEADF32946FEEB003D5BA0 /* Sources */,
				5CAEADF42946FEEB003D5BA0 /* Frameworks */,
				5CAEADF52946FEEB003D5BA0 /* Resources */,
			);
			buildRules = (
			);
			dependencies = (
			);
			name = RecipeApp;
			productName = RecipeApp;
			productReference = 5CAEADF72946FEEB003D5BA0 /* RecipeApp.app */;
			productType = "com.apple.product-type.application";
		};
/* End PBXNativeTarget section */

/* Begin PBXProject section */
		5CAEADEF2946FEEB003D5BA0 /* Project object */ = {
			isa = PBXProject;
			attributes = {
				BuildIndependentTargetsInParallel = 1;
				LastSwiftUpdateCheck = 1410;
				LastUpgradeCheck = 1410;
				TargetAttributes = {
					5CAEADF62946FEEB003D5BA0 = {
						CreatedOnToolsVersion = 14.1;
					};
				};
			};
			buildConfigurationList = 5CAEADF22946FEEB003D5BA0 /* Build configuration list for PBXProject "RecipeApp" */;
			compatibilityVersion = "Xcode 14.0";
			developmentRegion = en;
			hasScannedForEncodings = 0;
			knownRegions = (
				en,
				Base,
			);
			mainGroup = 5CAEADEE2946FEEB003D5BA0;
			productRefGroup = 5CAEADF82946FEEB003D5BA0 /* Products */;
			projectDirPath = "";
			projectRoot = "";
			targets = (
				5CAEADF62946FEEB003D5BA0 /* RecipeApp */,
			);
		};
/* End PBXProject section */

/* Begin PBXResourcesBuildPhase section */
		5CAEADF52946FEEB003D5BA0 /* Resources */ = {
			isa = PBXResourcesBuildPhase;
			buildActionMask = 2147483647;
			files = (
				5CAEAE0A2946FEEC003D5BA0 /* LaunchScreen.storyboard in Resources */,
				5C3C54ED295037F8000D1B37 /* SegmentControlView.xib in Resources */,
				5C8426942949CA7500CD33CB /* CategoryViewCell.xib in Resources */,
				5C8426AE2949D2E900CD33CB /* HeaderCell.xib in Resources */,
				5C51729D294B4CD90025DC37 /* DetailViewController.xib in Resources */,
				5CAEAE072946FEEC003D5BA0 /* Assets.xcassets in Resources */,
				5C8426982949CA8D00CD33CB /* DetailViewCell.xib in Resources */,
				5C3C54FF2950A736000D1B37 /* SegmentControlCell.xib in Resources */,
				5CAEAE022946FEEB003D5BA0 /* Main.storyboard in Resources */,
				5CE75D4329470C1700F05EE3 /* HomeViewController.xib in Resources */,
			);
			runOnlyForDeploymentPostprocessing = 0;
		};
/* End PBXResourcesBuildPhase section */

/* Begin PBXSourcesBuildPhase section */
		5CAEADF32946FEEB003D5BA0 /* Sources */ = {
			isa = PBXSourcesBuildPhase;
			buildActionMask = 2147483647;
			files = (
				5C8426882949C3FC00CD33CB /* FoodSearchModel.swift in Sources */,
				5CE75D5B29471A9D00F05EE3 /* NetworkManager.swift in Sources */,
				5CE75D4229470C1700F05EE3 /* HomeViewController.swift in Sources */,
				5C3C54EF29505F8E000D1B37 /* UIViewConstraintLayout.swift in Sources */,
				5CAEADFB2946FEEB003D5BA0 /* AppDelegate.swift in Sources */,
				5CE75D4E294716AF00F05EE3 /* NibLoadable.swift in Sources */,
				5C517299294AF3790025DC37 /* DetailCollectionViewSections.swift in Sources */,
				5CAEADFD2946FEEB003D5BA0 /* SceneDelegate.swift in Sources */,
				5C8426932949CA7500CD33CB /* CategoryViewCell.swift in Sources */,
				5CE75D5F294727B600F05EE3 /* Food.swift in Sources */,
				5C5C87382947721B00CB9B64 /* FoodDetailModel.swift in Sources */,
				5C51729C294B4CD90025DC37 /* DetailViewController.swift in Sources */,
				5C3C54FE2950A736000D1B37 /* SegmentControlCell.swift in Sources */,
				5C8426A22949CD6F00CD33CB /* Layouts.swift in Sources */,
				5C84268E2949CA2B00CD33CB /* CategoryCollectionView.swift in Sources */,
				5C8426902949CA5300CD33CB /* DetailCollectionView.swift in Sources */,
				5C3C54F1295073DB000D1B37 /* FoodStepsModel.swift in Sources */,
				5CE75D5D29471E1900F05EE3 /* UIImageView.swift in Sources */,
				5C8426972949CA8D00CD33CB /* DetailViewCell.swift in Sources */,
				5C8426822949A6FB00CD33CB /* RecipeViewModel.swift in Sources */,
				5C8426AD2949D2E900CD33CB /* HeaderCell.swift in Sources */,
				5C3C54EB295037DE000D1B37 /* SegmentControlView.swift in Sources */,
				5CAEAE052946FEEB003D5BA0 /* RecipeApp.xcdatamodeld in Sources */,
			);
			runOnlyForDeploymentPostprocessing = 0;
		};
/* End PBXSourcesBuildPhase section */

/* Begin PBXVariantGroup section */
		5CAEAE002946FEEB003D5BA0 /* Main.storyboard */ = {
			isa = PBXVariantGroup;
			children = (
				5CAEAE012946FEEB003D5BA0 /* Base */,
			);
			name = Main.storyboard;
			sourceTree = "<group>";
		};
		5CAEAE082946FEEC003D5BA0 /* LaunchScreen.storyboard */ = {
			isa = PBXVariantGroup;
			children = (
				5CAEAE092946FEEC003D5BA0 /* Base */,
			);
			name = LaunchScreen.storyboard;
			sourceTree = "<group>";
		};
/* End PBXVariantGroup section */

/* Begin XCBuildConfiguration section */
		5CAEAE0C2946FEEC003D5BA0 /* Debug */ = {
			isa = XCBuildConfiguration;
			buildSettings = {
				ALWAYS_SEARCH_USER_PATHS = NO;
				CLANG_ANALYZER_NONNULL = YES;
				CLANG_ANALYZER_NUMBER_OBJECT_CONVERSION = YES_AGGRESSIVE;
				CLANG_CXX_LANGUAGE_STANDARD = "gnu++20";
				CLANG_ENABLE_MODULES = YES;
				CLANG_ENABLE_OBJC_ARC = YES;
				CLANG_ENABLE_OBJC_WEAK = YES;
				CLANG_WARN_BLOCK_CAPTURE_AUTORELEASING = YES;
				CLANG_WARN_BOOL_CONVERSION = YES;
				CLANG_WARN_COMMA = YES;
				CLANG_WARN_CONSTANT_CONVERSION = YES;
				CLANG_WARN_DEPRECATED_OBJC_IMPLEMENTATIONS = YES;
				CLANG_WARN_DIRECT_OBJC_ISA_USAGE = YES_ERROR;
				CLANG_WARN_DOCUMENTATION_COMMENTS = YES;
				CLANG_WARN_EMPTY_BODY = YES;
				CLANG_WARN_ENUM_CONVERSION = YES;
				CLANG_WARN_INFINITE_RECURSION = YES;
				CLANG_WARN_INT_CONVERSION = YES;
				CLANG_WARN_NON_LITERAL_NULL_CONVERSION = YES;
				CLANG_WARN_OBJC_IMPLICIT_RETAIN_SELF = YES;
				CLANG_WARN_OBJC_LITERAL_CONVERSION = YES;
				CLANG_WARN_OBJC_ROOT_CLASS = YES_ERROR;
				CLANG_WARN_QUOTED_INCLUDE_IN_FRAMEWORK_HEADER = YES;
				CLANG_WARN_RANGE_LOOP_ANALYSIS = YES;
				CLANG_WARN_STRICT_PROTOTYPES = YES;
				CLANG_WARN_SUSPICIOUS_MOVE = YES;
				CLANG_WARN_UNGUARDED_AVAILABILITY = YES_AGGRESSIVE;
				CLANG_WARN_UNREACHABLE_CODE = YES;
				CLANG_WARN__DUPLICATE_METHOD_MATCH = YES;
				COPY_PHASE_STRIP = NO;
				DEBUG_INFORMATION_FORMAT = dwarf;
				ENABLE_STRICT_OBJC_MSGSEND = YES;
				ENABLE_TESTABILITY = YES;
				GCC_C_LANGUAGE_STANDARD = gnu11;
				GCC_DYNAMIC_NO_PIC = NO;
				GCC_NO_COMMON_BLOCKS = YES;
				GCC_OPTIMIZATION_LEVEL = 0;
				GCC_PREPROCESSOR_DEFINITIONS = (
					"DEBUG=1",
					"$(inherited)",
				);
				GCC_WARN_64_TO_32_BIT_CONVERSION = YES;
				GCC_WARN_ABOUT_RETURN_TYPE = YES_ERROR;
				GCC_WARN_UNDECLARED_SELECTOR = YES;
				GCC_WARN_UNINITIALIZED_AUTOS = YES_AGGRESSIVE;
				GCC_WARN_UNUSED_FUNCTION = YES;
				GCC_WARN_UNUSED_VARIABLE = YES;
				IPHONEOS_DEPLOYMENT_TARGET = 16.1;
				MTL_ENABLE_DEBUG_INFO = INCLUDE_SOURCE;
				MTL_FAST_MATH = YES;
				ONLY_ACTIVE_ARCH = YES;
				SDKROOT = iphoneos;
				SWIFT_ACTIVE_COMPILATION_CONDITIONS = DEBUG;
				SWIFT_OPTIMIZATION_LEVEL = "-Onone";
			};
			name = Debug;
		};
		5CAEAE0D2946FEEC003D5BA0 /* Release */ = {
			isa = XCBuildConfiguration;
			buildSettings = {
				ALWAYS_SEARCH_USER_PATHS = NO;
				CLANG_ANALYZER_NONNULL = YES;
				CLANG_ANALYZER_NUMBER_OBJECT_CONVERSION = YES_AGGRESSIVE;
				CLANG_CXX_LANGUAGE_STANDARD = "gnu++20";
				CLANG_ENABLE_MODULES = YES;
				CLANG_ENABLE_OBJC_ARC = YES;
				CLANG_ENABLE_OBJC_WEAK = YES;
				CLANG_WARN_BLOCK_CAPTURE_AUTORELEASING = YES;
				CLANG_WARN_BOOL_CONVERSION = YES;
				CLANG_WARN_COMMA = YES;
				CLANG_WARN_CONSTANT_CONVERSION = YES;
				CLANG_WARN_DEPRECATED_OBJC_IMPLEMENTATIONS = YES;
				CLANG_WARN_DIRECT_OBJC_ISA_USAGE = YES_ERROR;
				CLANG_WARN_DOCUMENTATION_COMMENTS = YES;
				CLANG_WARN_EMPTY_BODY = YES;
				CLANG_WARN_ENUM_CONVERSION = YES;
				CLANG_WARN_INFINITE_RECURSION = YES;
				CLANG_WARN_INT_CONVERSION = YES;
				CLANG_WARN_NON_LITERAL_NULL_CONVERSION = YES;
				CLANG_WARN_OBJC_IMPLICIT_RETAIN_SELF = YES;
				CLANG_WARN_OBJC_LITERAL_CONVERSION = YES;
				CLANG_WARN_OBJC_ROOT_CLASS = YES_ERROR;
				CLANG_WARN_QUOTED_INCLUDE_IN_FRAMEWORK_HEADER = YES;
				CLANG_WARN_RANGE_LOOP_ANALYSIS = YES;
				CLANG_WARN_STRICT_PROTOTYPES = YES;
				CLANG_WARN_SUSPICIOUS_MOVE = YES;
				CLANG_WARN_UNGUARDED_AVAILABILITY = YES_AGGRESSIVE;
				CLANG_WARN_UNREACHABLE_CODE = YES;
				CLANG_WARN__DUPLICATE_METHOD_MATCH = YES;
				COPY_PHASE_STRIP = NO;
				DEBUG_INFORMATION_FORMAT = "dwarf-with-dsym";
				ENABLE_NS_ASSERTIONS = NO;
				ENABLE_STRICT_OBJC_MSGSEND = YES;
				GCC_C_LANGUAGE_STANDARD = gnu11;
				GCC_NO_COMMON_BLOCKS = YES;
				GCC_WARN_64_TO_32_BIT_CONVERSION = YES;
				GCC_WARN_ABOUT_RETURN_TYPE = YES_ERROR;
				GCC_WARN_UNDECLARED_SELECTOR = YES;
				GCC_WARN_UNINITIALIZED_AUTOS = YES_AGGRESSIVE;
				GCC_WARN_UNUSED_FUNCTION = YES;
				GCC_WARN_UNUSED_VARIABLE = YES;
				IPHONEOS_DEPLOYMENT_TARGET = 16.1;
				MTL_ENABLE_DEBUG_INFO = NO;
				MTL_FAST_MATH = YES;
				SDKROOT = iphoneos;
				SWIFT_COMPILATION_MODE = wholemodule;
				SWIFT_OPTIMIZATION_LEVEL = "-O";
				VALIDATE_PRODUCT = YES;
			};
			name = Release;
		};
		5CAEAE0F2946FEEC003D5BA0 /* Debug */ = {
			isa = XCBuildConfiguration;
			buildSettings = {
				ASSETCATALOG_COMPILER_APPICON_NAME = AppIcon;
				ASSETCATALOG_COMPILER_GLOBAL_ACCENT_COLOR_NAME = AccentColor;
				CODE_SIGN_STYLE = Automatic;
				CURRENT_PROJECT_VERSION = 1;
				GENERATE_INFOPLIST_FILE = YES;
				INFOPLIST_FILE = RecipeApp/Info.plist;
				INFOPLIST_KEY_UIApplicationSupportsIndirectInputEvents = YES;
				INFOPLIST_KEY_UILaunchStoryboardName = LaunchScreen;
				INFOPLIST_KEY_UIMainStoryboardFile = Main;
				INFOPLIST_KEY_UISupportedInterfaceOrientations_iPad = "UIInterfaceOrientationPortrait UIInterfaceOrientationPortraitUpsideDown UIInterfaceOrientationLandscapeLeft UIInterfaceOrientationLandscapeRight";
				INFOPLIST_KEY_UISupportedInterfaceOrientations_iPhone = "UIInterfaceOrientationPortrait UIInterfaceOrientationLandscapeLeft UIInterfaceOrientationLandscapeRight";
				LD_RUNPATH_SEARCH_PATHS = (
					"$(inherited)",
					"@executable_path/Frameworks",
				);
				MARKETING_VERSION = 1.0;
				PRODUCT_BUNDLE_IDENTIFIER = com.sibu.RecipeApp;
				PRODUCT_NAME = "$(TARGET_NAME)";
				SWIFT_EMIT_LOC_STRINGS = YES;
				SWIFT_VERSION = 5.0;
				TARGETED_DEVICE_FAMILY = "1,2";
			};
			name = Debug;
		};
		5CAEAE102946FEEC003D5BA0 /* Release */ = {
			isa = XCBuildConfiguration;
			buildSettings = {
				ASSETCATALOG_COMPILER_APPICON_NAME = AppIcon;
				ASSETCATALOG_COMPILER_GLOBAL_ACCENT_COLOR_NAME = AccentColor;
				CODE_SIGN_STYLE = Automatic;
				CURRENT_PROJECT_VERSION = 1;
				GENERATE_INFOPLIST_FILE = YES;
				INFOPLIST_FILE = RecipeApp/Info.plist;
				INFOPLIST_KEY_UIApplicationSupportsIndirectInputEvents = YES;
				INFOPLIST_KEY_UILaunchStoryboardName = LaunchScreen;
				INFOPLIST_KEY_UIMainStoryboardFile = Main;
				INFOPLIST_KEY_UISupportedInterfaceOrientations_iPad = "UIInterfaceOrientationPortrait UIInterfaceOrientationPortraitUpsideDown UIInterfaceOrientationLandscapeLeft UIInterfaceOrientationLandscapeRight";
				INFOPLIST_KEY_UISupportedInterfaceOrientations_iPhone = "UIInterfaceOrientationPortrait UIInterfaceOrientationLandscapeLeft UIInterfaceOrientationLandscapeRight";
				LD_RUNPATH_SEARCH_PATHS = (
					"$(inherited)",
					"@executable_path/Frameworks",
				);
				MARKETING_VERSION = 1.0;
				PRODUCT_BUNDLE_IDENTIFIER = com.sibu.RecipeApp;
				PRODUCT_NAME = "$(TARGET_NAME)";
				SWIFT_EMIT_LOC_STRINGS = YES;
				SWIFT_VERSION = 5.0;
				TARGETED_DEVICE_FAMILY = "1,2";
			};
			name = Release;
		};
/* End XCBuildConfiguration section */

/* Begin XCConfigurationList section */
		5CAEADF22946FEEB003D5BA0 /* Build configuration list for PBXProject "RecipeApp" */ = {
			isa = XCConfigurationList;
			buildConfigurations = (
				5CAEAE0C2946FEEC003D5BA0 /* Debug */,
				5CAEAE0D2946FEEC003D5BA0 /* Release */,
			);
			defaultConfigurationIsVisible = 0;
			defaultConfigurationName = Release;
		};
		5CAEAE0E2946FEEC003D5BA0 /* Build configuration list for PBXNativeTarget "RecipeApp" */ = {
			isa = XCConfigurationList;
			buildConfigurations = (
				5CAEAE0F2946FEEC003D5BA0 /* Debug */,
				5CAEAE102946FEEC003D5BA0 /* Release */,
			);
			defaultConfigurationIsVisible = 0;
			defaultConfigurationName = Release;
		};
/* End XCConfigurationList section */

/* Begin XCVersionGroup section */
		5CAEAE032946FEEB003D5BA0 /* RecipeApp.xcdatamodeld */ = {
			isa = XCVersionGroup;
			children = (
				5CAEAE042946FEEB003D5BA0 /* RecipeApp.xcdatamodel */,
			);
			currentVersion = 5CAEAE042946FEEB003D5BA0 /* RecipeApp.xcdatamodel */;
			path = RecipeApp.xcdatamodeld;
			sourceTree = "<group>";
			versionGroupType = wrapper.xcdatamodel;
		};
/* End XCVersionGroup section */
	};
	rootObject = 5CAEADEF2946FEEB003D5BA0 /* Project object */;
}
